// !$*UTF8*$!
{
	archiveVersion = 1;
	classes = {
	};
	objectVersion = 46;
	objects = {

/* Begin PBXBuildFile section */
		1FC8D51C1D13FA600087670C /* main.m in Sources */ = {isa = PBXBuildFile; fileRef = 1FC8D51B1D13FA600087670C /* main.m */; };
		1FC8D51F1D13FA600087670C /* AppDelegate.m in Sources */ = {isa = PBXBuildFile; fileRef = 1FC8D51E1D13FA600087670C /* AppDelegate.m */; };
		1FC8D5271D13FA600087670C /* Assets.xcassets in Resources */ = {isa = PBXBuildFile; fileRef = 1FC8D5261D13FA600087670C /* Assets.xcassets */; };
		1FC8D52A1D13FA600087670C /* LaunchScreen.storyboard in Resources */ = {isa = PBXBuildFile; fileRef = 1FC8D5281D13FA600087670C /* LaunchScreen.storyboard */; };
		1FC8D5341D13FB290087670C /* EasyNewsViewController.m in Sources */ = {isa = PBXBuildFile; fileRef = 1FC8D5321D13FB290087670C /* EasyNewsViewController.m */; };
		1FC8D5351D13FB290087670C /* EasyNewsViewController.xib in Resources */ = {isa = PBXBuildFile; fileRef = 1FC8D5331D13FB290087670C /* EasyNewsViewController.xib */; };
/* End PBXBuildFile section */

/* Begin PBXFileReference section */
		1FC8D5171D13FA600087670C /* EasyNewsTopTag.app */ = {isa = PBXFileReference; explicitFileType = wrapper.application; includeInIndex = 0; path = EasyNewsTopTag.app; sourceTree = BUILT_PRODUCTS_DIR; };
		1FC8D51B1D13FA600087670C /* main.m */ = {isa = PBXFileReference; lastKnownFileType = sourcecode.c.objc; path = main.m; sourceTree = "<group>"; };
		1FC8D51D1D13FA600087670C /* AppDelegate.h */ = {isa = PBXFileReference; lastKnownFileType = sourcecode.c.h; path = AppDelegate.h; sourceTree = "<group>"; };
		1FC8D51E1D13FA600087670C /* AppDelegate.m */ = {isa = PBXFileReference; lastKnownFileType = sourcecode.c.objc; path = AppDelegate.m; sourceTree = "<group>"; };
		1FC8D5261D13FA600087670C /* Assets.xcassets */ = {isa = PBXFileReference; lastKnownFileType = folder.assetcatalog; path = Assets.xcassets; sourceTree = "<group>"; };
		1FC8D5291D13FA600087670C /* Base */ = {isa = PBXFileReference; lastKnownFileType = file.storyboard; name = Base; path = Base.lproj/LaunchScreen.storyboard; sourceTree = "<group>"; };
		1FC8D52B1D13FA600087670C /* Info.plist */ = {isa = PBXFileReference; lastKnownFileType = text.plist.xml; path = Info.plist; sourceTree = "<group>"; };
		1FC8D5311D13FB290087670C /* EasyNewsViewController.h */ = {isa = PBXFileReference; fileEncoding = 4; lastKnownFileType = sourcecode.c.h; path = EasyNewsViewController.h; sourceTree = "<group>"; };
		1FC8D5321D13FB290087670C /* EasyNewsViewController.m */ = {isa = PBXFileReference; fileEncoding = 4; lastKnownFileType = sourcecode.c.objc; path = EasyNewsViewController.m; sourceTree = "<group>"; };
		1FC8D5331D13FB290087670C /* EasyNewsViewController.xib */ = {isa = PBXFileReference; fileEncoding = 4; lastKnownFileType = file.xib; path = EasyNewsViewController.xib; sourceTree = "<group>"; };
/* End PBXFileReference section */

/* Begin PBXFrameworksBuildPhase section */
		1FC8D5141D13FA600087670C /* Frameworks */ = {
			isa = PBXFrameworksBuildPhase;
			buildActionMask = 2147483647;
			files = (
			);
			runOnlyForDeploymentPostprocessing = 0;
		};
/* End PBXFrameworksBuildPhase section */

/* Begin PBXGroup section */
		1FC8D50E1D13FA5F0087670C = {
			isa = PBXGroup;
			children = (
				1FC8D5191D13FA600087670C /* EasyNewsTopTag */,
				1FC8D5181D13FA600087670C /* Products */,
			);
			sourceTree = "<group>";
		};
		1FC8D5181D13FA600087670C /* Products */ = {
			isa = PBXGroup;
			children = (
				1FC8D5171D13FA600087670C /* EasyNewsTopTag.app */,
			);
			name = Products;
			sourceTree = "<group>";
		};
		1FC8D5191D13FA600087670C /* EasyNewsTopTag */ = {
			isa = PBXGroup;
			children = (
				1FC8D51D1D13FA600087670C /* AppDelegate.h */,
				1FC8D51E1D13FA600087670C /* AppDelegate.m */,
				1FC8D5311D13FB290087670C /* EasyNewsViewController.h */,
				1FC8D5321D13FB290087670C /* EasyNewsViewController.m */,
				1FC8D5331D13FB290087670C /* EasyNewsViewController.xib */,
				1FC8D5261D13FA600087670C /* Assets.xcassets */,
				1FC8D5281D13FA600087670C /* LaunchScreen.storyboard */,
				1FC8D52B1D13FA600087670C /* Info.plist */,
				1FC8D51A1D13FA600087670C /* Supporting Files */,
			);
			path = EasyNewsTopTag;
			sourceTree = "<group>";
		};
		1FC8D51A1D13FA600087670C /* Supporting Files */ = {
			isa = PBXGroup;
			children = (
				1FC8D51B1D13FA600087670C /* main.m */,
			);
			name = "Supporting Files";
			sourceTree = "<group>";
		};
/* End PBXGroup section */

/* Begin PBXNativeTarget section */
		1FC8D5161D13FA600087670C /* EasyNewsTopTag */ = {
			isa = PBXNativeTarget;
			buildConfigurationList = 1FC8D52E1D13FA600087670C /* Build configuration list for PBXNativeTarget "EasyNewsTopTag" */;
			buildPhases = (
				1FC8D5131D13FA600087670C /* Sources */,
				1FC8D5141D13FA600087670C /* Frameworks */,
				1FC8D5151D13FA600087670C /* Resources */,
			);
			buildRules = (
			);
			dependencies = (
			);
			name = EasyNewsTopTag;
			productName = EasyNewsTopTag;
			productReference = 1FC8D5171D13FA600087670C /* EasyNewsTopTag.app */;
			productType = "com.apple.product-type.application";
		};
/* End PBXNativeTarget section */

/* Begin PBXProject section */
		1FC8D50F1D13FA5F0087670C /* Project object */ = {
			isa = PBXProject;
			attributes = {
				LastUpgradeCheck = 0720;
				ORGANIZATIONNAME = "九指天下";
				TargetAttributes = {
					1FC8D5161D13FA600087670C = {
						CreatedOnToolsVersion = 7.2;
					};
				};
			};
			buildConfigurationList = 1FC8D5121D13FA5F0087670C /* Build configuration list for PBXProject "EasyNewsTopTag" */;
			compatibilityVersion = "Xcode 3.2";
			developmentRegion = English;
			hasScannedForEncodings = 0;
			knownRegions = (
				en,
				Base,
			);
			mainGroup = 1FC8D50E1D13FA5F0087670C;
			productRefGroup = 1FC8D5181D13FA600087670C /* Products */;
			projectDirPath = "";
			projectRoot = "";
			targets = (
				1FC8D5161D13FA600087670C /* EasyNewsTopTag */,
			);
		};
/* End PBXProject section */

/* Begin PBXResourcesBuildPhase section */
		1FC8D5151D13FA600087670C /* Resources */ = {
			isa = PBXResourcesBuildPhase;
			buildActionMask = 2147483647;
			files = (
				1FC8D52A1D13FA600087670C /* LaunchScreen.storyboard in Resources */,
				1FC8D5351D13FB290087670C /* EasyNewsViewController.xib in Resources */,
				1FC8D5271D13FA600087670C /* Assets.xcassets in Resources */,
			);
			runOnlyForDeploymentPostprocessing = 0;
		};
/* End PBXResourcesBuildPhase section */

/* Begin PBXSourcesBuildPhase section */
		1FC8D5131D13FA600087670C /* Sources */ = {
			isa = PBXSourcesBuildPhase;
			buildActionMask = 2147483647;
			files = (
				1FC8D5341D13FB290087670C /* EasyNewsViewController.m in Sources */,
				1FC8D51F1D13FA600087670C /* AppDelegate.m in Sources */,
				1FC8D51C1D13FA600087670C /* main.m in Sources */,
			);
			runOnlyForDeploymentPostprocessing = 0;
		};
/* End PBXSourcesBuildPhase section */

/* Begin PBXVariantGroup section */
		1FC8D5281D13FA600087670C /* LaunchScreen.storyboard */ = {
			isa = PBXVariantGroup;
			children = (
				1FC8D5291D13FA600087670C /* Base */,
			);
			name = LaunchScreen.storyboard;
			sourceTree = "<group>";
		};
/* End PBXVariantGroup section */

/* Begin XCBuildConfiguration section */
		1FC8D52C1D13FA600087670C /* Debug */ = {
			isa = XCBuildConfiguration;
			buildSettings = {
				ALWAYS_SEARCH_USER_PATHS = NO;
				CLANG_CXX_LANGUAGE_STANDARD = "gnu++0x";
				CLANG_CXX_LIBRARY = "libc++";
				CLANG_ENABLE_MODULES = YES;
				CLANG_ENABLE_OBJC_ARC = YES;
				CLANG_WARN_BOOL_CONVERSION = YES;
				CLANG_WARN_CONSTANT_CONVERSION = YES;
				CLANG_WARN_DIRECT_OBJC_ISA_USAGE = YES_ERROR;
				CLANG_WARN_EMPTY_BODY = YES;
				CLANG_WARN_ENUM_CONVERSION = YES;
				CLANG_WARN_INT_CONVERSION = YES;
				CLANG_WARN_OBJC_ROOT_CLASS = YES_ERROR;
				CLANG_WARN_UNREACHABLE_CODE = YES;
				CLANG_WARN__DUPLICATE_METHOD_MATCH = YES;
				"CODE_SIGN_IDENTITY[sdk=iphoneos*]" = "iPhone Developer";
				COPY_PHASE_STRIP = NO;
				DEBUG_INFORMATION_FORMAT = dwarf;
				ENABLE_STRICT_OBJC_MSGSEND = YES;
				ENABLE_TESTABILITY = YES;
				GCC_C_LANGUAGE_STANDARD = gnu99;
				GCC_DYNAMIC_NO_PIC = NO;
				GCC_NO_COMMON_BLOCKS = YES;
				GCC_OPTIMIZATION_LEVEL = 0;
				GCC_PREPROCESSOR_DEFINITIONS = (
					"DEBUG=1",
					"$(inherited)",
				);
				GCC_WARN_64_TO_32_BIT_CONVERSION = YES;
				GCC_WARN_ABOUT_RETURN_TYPE = YES_ERROR;
				GCC_WARN_UNDECLARED_SELECTOR = YES;
				GCC_WARN_UNINITIALIZED_AUTOS = YES_AGGRESSIVE;
				GCC_WARN_UNUSED_FUNCTION = YES;
				GCC_WARN_UNUSED_VARIABLE = YES;
				IPHONEOS_DEPLOYMENT_TARGET = 9.2;
				MTL_ENABLE_DEBUG_INFO = YES;
				ONLY_ACTIVE_ARCH = YES;
				SDKROOT = iphoneos;
			};
			name = Debug;
		};
		1FC8D52D1D13FA600087670C /* Release */ = {
			isa = XCBuildConfiguration;
			buildSettings = {
				ALWAYS_SEARCH_USER_PATHS = NO;
				CLANG_CXX_LANGUAGE_STANDARD = "gnu++0x";
				CLANG_CXX_LIBRARY = "libc++";
				CLANG_ENABLE_MODULES = YES;
				CLANG_ENABLE_OBJC_ARC = YES;
				CLANG_WARN_BOOL_CONVERSION = YES;
				CLANG_WARN_CONSTANT_CONVERSION = YES;
				CLANG_WARN_DIRECT_OBJC_ISA_USAGE = YES_ERROR;
				CLANG_WARN_EMPTY_BODY = YES;
				CLANG_WARN_ENUM_CONVERSION = YES;
				CLANG_WARN_INT_CONVERSION = YES;
				CLANG_WARN_OBJC_ROOT_CLASS = YES_ERROR;
				CLANG_WARN_UNREACHABLE_CODE = YES;
				CLANG_WARN__DUPLICATE_METHOD_MATCH = YES;
				"CODE_SIGN_IDENTITY[sdk=iphoneos*]" = "iPhone Developer";
				COPY_PHASE_STRIP = NO;
				DEBUG_INFORMATION_FORMAT = "dwarf-with-dsym";
				ENABLE_NS_ASSERTIONS = NO;
				ENABLE_STRICT_OBJC_MSGSEND = YES;
				GCC_C_LANGUAGE_STANDARD = gnu99;
				GCC_NO_COMMON_BLOCKS = YES;
				GCC_WARN_64_TO_32_BIT_CONVERSION = YES;
				GCC_WARN_ABOUT_RETURN_TYPE = YES_ERROR;
				GCC_WARN_UNDECLARED_SELECTOR = YES;
				GCC_WARN_UNINITIALIZED_AUTOS = YES_AGGRESSIVE;
				GCC_WARN_UNUSED_FUNCTION = YES;
				GCC_WARN_UNUSED_VARIABLE = YES;
				IPHONEOS_DEPLOYMENT_TARGET = 9.2;
				MTL_ENABLE_DEBUG_INFO = NO;
				SDKROOT = iphoneos;
				VALIDATE_PRODUCT = YES;
			};
			name = Release;
		};
		1FC8D52F1D13FA600087670C /* Debug */ = {
			isa = XCBuildConfiguration;
			buildSettings = {
				ASSETCATALOG_COMPILER_APPICON_NAME = AppIcon;
				INFOPLIST_FILE = EasyNewsTopTag/Info.plist;
				IPHONEOS_DEPLOYMENT_TARGET = 8.0;
				LD_RUNPATH_SEARCH_PATHS = "$(inherited) @executable_path/Frameworks";
				PRODUCT_BUNDLE_IDENTIFIER = com.jiuzhitx.EasyNewsTopTag;
				PRODUCT_NAME = "$(TARGET_NAME)";
				TARGETED_DEVICE_FAMILY = 1;
			};
			name = Debug;
		};
		1FC8D5301D13FA600087670C /* Release */ = {
			isa = XCBuildConfiguration;
			buildSettings = {
				ASSETCATALOG_COMPILER_APPICON_NAME = AppIcon;
				INFOPLIST_FILE = EasyNewsTopTag/Info.plist;
				IPHONEOS_DEPLOYMENT_TARGET = 8.0;
				LD_RUNPATH_SEARCH_PATHS = "$(inherited) @executable_path/Frameworks";
				PRODUCT_BUNDLE_IDENTIFIER = com.jiuzhitx.EasyNewsTopTag;
				PRODUCT_NAME = "$(TARGET_NAME)";
				TARGETED_DEVICE_FAMILY = 1;
			};
			name = Release;
		};
/* End XCBuildConfiguration section */

/* Begin XCConfigurationList section */
		1FC8D5121D13FA5F0087670C /* Build configuration list for PBXProject "EasyNewsTopTag" */ = {
			isa = XCConfigurationList;
			buildConfigurations = (
				1FC8D52C1D13FA600087670C /* Debug */,
				1FC8D52D1D13FA600087670C /* Release */,
			);
			defaultConfigurationIsVisible = 0;
			defaultConfigurationName = Release;
		};
		1FC8D52E1D13FA600087670C /* Build configuration list for PBXNativeTarget "EasyNewsTopTag" */ = {
			isa = XCConfigurationList;
			buildConfigurations = (
				1FC8D52F1D13FA600087670C /* Debug */,
				1FC8D5301D13FA600087670C /* Release */,
			);
			defaultConfigurationIsVisible = 0;
		};
/* End XCConfigurationList section */
	};
	rootObject = 1FC8D50F1D13FA5F0087670C /* Project object */;
}
